// !$*UTF8*$!
{
	archiveVersion = 1;
	classes = {
	};
	objectVersion = 56;
	objects = {

/* Begin PBXBuildFile section */
		167C7E79293A330800DE9A05 /* AppDelegate.swift in Sources */ = {isa = PBXBuildFile; fileRef = 167C7E78293A330800DE9A05 /* AppDelegate.swift */; };
		167C7E7B293A330800DE9A05 /* SceneDelegate.swift in Sources */ = {isa = PBXBuildFile; fileRef = 167C7E7A293A330800DE9A05 /* SceneDelegate.swift */; };
		167C7E7D293A330800DE9A05 /* MainViewController.swift in Sources */ = {isa = PBXBuildFile; fileRef = 167C7E7C293A330800DE9A05 /* MainViewController.swift */; };
		167C7E80293A330800DE9A05 /* Main.storyboard in Resources */ = {isa = PBXBuildFile; fileRef = 167C7E7E293A330800DE9A05 /* Main.storyboard */; };
		167C7E82293A330C00DE9A05 /* Assets.xcassets in Resources */ = {isa = PBXBuildFile; fileRef = 167C7E81293A330C00DE9A05 /* Assets.xcassets */; };
		167C7E85293A330C00DE9A05 /* LaunchScreen.storyboard in Resources */ = {isa = PBXBuildFile; fileRef = 167C7E83293A330C00DE9A05 /* LaunchScreen.storyboard */; };
		16E197BF29816E7F005348EF /* MessierDataModel.swift in Sources */ = {isa = PBXBuildFile; fileRef = 16E197BE29816E7F005348EF /* MessierDataModel.swift */; };
		16E197C129816EDB005348EF /* MessierViewModel.swift in Sources */ = {isa = PBXBuildFile; fileRef = 16E197C029816EDB005348EF /* MessierViewModel.swift */; };
		16E197C6298175DF005348EF /* VC-Extension+TableViewDataSource.swift in Sources */ = {isa = PBXBuildFile; fileRef = 16E197C5298175DF005348EF /* VC-Extension+TableViewDataSource.swift */; };
		16E197C829817603005348EF /* VC-Extension+TableViewDelegate.swift in Sources */ = {isa = PBXBuildFile; fileRef = 16E197C729817603005348EF /* VC-Extension+TableViewDelegate.swift */; };
		16E197CA2981762A005348EF /* DetailViewController.swift in Sources */ = {isa = PBXBuildFile; fileRef = 16E197C92981762A005348EF /* DetailViewController.swift */; };
		7F3752AF4662E37655E661CD /* Pods_MVVMDemo.framework in Frameworks */ = {isa = PBXBuildFile; fileRef = 778E75065C70F13DDE4C20B1 /* Pods_MVVMDemo.framework */; };
/* End PBXBuildFile section */

/* Begin PBXFileReference section */
		167C7E75293A330800DE9A05 /* MVVMDemo.app */ = {isa = PBXFileReference; explicitFileType = wrapper.application; includeInIndex = 0; path = MVVMDemo.app; sourceTree = BUILT_PRODUCTS_DIR; };
		167C7E78293A330800DE9A05 /* AppDelegate.swift */ = {isa = PBXFileReference; lastKnownFileType = sourcecode.swift; path = AppDelegate.swift; sourceTree = "<group>"; };
		167C7E7A293A330800DE9A05 /* SceneDelegate.swift */ = {isa = PBXFileReference; lastKnownFileType = sourcecode.swift; path = SceneDelegate.swift; sourceTree = "<group>"; };
		167C7E7C293A330800DE9A05 /* MainViewController.swift */ = {isa = PBXFileReference; lastKnownFileType = sourcecode.swift; path = MainViewController.swift; sourceTree = "<group>"; };
		167C7E7F293A330800DE9A05 /* Base */ = {isa = PBXFileReference; lastKnownFileType = file.storyboard; name = Base; path = Base.lproj/Main.storyboard; sourceTree = "<group>"; };
		167C7E81293A330C00DE9A05 /* Assets.xcassets */ = {isa = PBXFileReference; lastKnownFileType = folder.assetcatalog; path = Assets.xcassets; sourceTree = "<group>"; };
		167C7E84293A330C00DE9A05 /* Base */ = {isa = PBXFileReference; lastKnownFileType = file.storyboard; name = Base; path = Base.lproj/LaunchScreen.storyboard; sourceTree = "<group>"; };
		167C7E86293A330C00DE9A05 /* Info.plist */ = {isa = PBXFileReference; lastKnownFileType = text.plist.xml; path = Info.plist; sourceTree = "<group>"; };
		16E197BE29816E7F005348EF /* MessierDataModel.swift */ = {isa = PBXFileReference; lastKnownFileType = sourcecode.swift; path = MessierDataModel.swift; sourceTree = "<group>"; };
		16E197C029816EDB005348EF /* MessierViewModel.swift */ = {isa = PBXFileReference; lastKnownFileType = sourcecode.swift; path = MessierViewModel.swift; sourceTree = "<group>"; };
		16E197C5298175DF005348EF /* VC-Extension+TableViewDataSource.swift */ = {isa = PBXFileReference; lastKnownFileType = sourcecode.swift; path = "VC-Extension+TableViewDataSource.swift"; sourceTree = "<group>"; };
		16E197C729817603005348EF /* VC-Extension+TableViewDelegate.swift */ = {isa = PBXFileReference; lastKnownFileType = sourcecode.swift; path = "VC-Extension+TableViewDelegate.swift"; sourceTree = "<group>"; };
		16E197C92981762A005348EF /* DetailViewController.swift */ = {isa = PBXFileReference; lastKnownFileType = sourcecode.swift; path = DetailViewController.swift; sourceTree = "<group>"; };
		5A42E7C2BDE3F1CAB6B6DA05 /* Pods-MVVMDemo.debug.xcconfig */ = {isa = PBXFileReference; includeInIndex = 1; lastKnownFileType = text.xcconfig; name = "Pods-MVVMDemo.debug.xcconfig"; path = "Target Support Files/Pods-MVVMDemo/Pods-MVVMDemo.debug.xcconfig"; sourceTree = "<group>"; };
		778E75065C70F13DDE4C20B1 /* Pods_MVVMDemo.framework */ = {isa = PBXFileReference; explicitFileType = wrapper.framework; includeInIndex = 0; path = Pods_MVVMDemo.framework; sourceTree = BUILT_PRODUCTS_DIR; };
		BA5CFFFC363AA39F8F8BB0BF /* Pods-MVVMDemo.release.xcconfig */ = {isa = PBXFileReference; includeInIndex = 1; lastKnownFileType = text.xcconfig; name = "Pods-MVVMDemo.release.xcconfig"; path = "Target Support Files/Pods-MVVMDemo/Pods-MVVMDemo.release.xcconfig"; sourceTree = "<group>"; };
/* End PBXFileReference section */

/* Begin PBXFrameworksBuildPhase section */
		167C7E72293A330800DE9A05 /* Frameworks */ = {
			isa = PBXFrameworksBuildPhase;
			buildActionMask = 2147483647;
			files = (
				7F3752AF4662E37655E661CD /* Pods_MVVMDemo.framework in Frameworks */,
			);
			runOnlyForDeploymentPostprocessing = 0;
		};
/* End PBXFrameworksBuildPhase section */

/* Begin PBXGroup section */
		167C7E6C293A330800DE9A05 = {
			isa = PBXGroup;
			children = (
				167C7E77293A330800DE9A05 /* MVVMDemo */,
				16E197CB29817640005348EF /* Supporting Files */,
				167C7E81293A330C00DE9A05 /* Assets.xcassets */,
				167C7E76293A330800DE9A05 /* Products */,
				9A5380964BCD6E1B6EE7E78B /* Pods */,
				89E163BA8346FE847FB69737 /* Frameworks */,
			);
			sourceTree = "<group>";
		};
		167C7E76293A330800DE9A05 /* Products */ = {
			isa = PBXGroup;
			children = (
				167C7E75293A330800DE9A05 /* MVVMDemo.app */,
			);
			name = Products;
			sourceTree = "<group>";
		};
		167C7E77293A330800DE9A05 /* MVVMDemo */ = {
			isa = PBXGroup;
			children = (
				16E197C42981750D005348EF /* Controller */,
				16E197CC2981816A005348EF /* View */,
				16E197C3298174FB005348EF /* ViewModel */,
				16E197C2298174CF005348EF /* Model */,
			);
			path = MVVMDemo;
			sourceTree = "<group>";
		};
		16E197C2298174CF005348EF /* Model */ = {
			isa = PBXGroup;
			children = (
				16E197BE29816E7F005348EF /* MessierDataModel.swift */,
			);
			path = Model;
			sourceTree = "<group>";
		};
		16E197C3298174FB005348EF /* ViewModel */ = {
			isa = PBXGroup;
			children = (
				16E197C029816EDB005348EF /* MessierViewModel.swift */,
			);
			path = ViewModel;
			sourceTree = "<group>";
		};
		16E197C42981750D005348EF /* Controller */ = {
			isa = PBXGroup;
			children = (
				167C7E7C293A330800DE9A05 /* MainViewController.swift */,
				16E197C5298175DF005348EF /* VC-Extension+TableViewDataSource.swift */,
				16E197C729817603005348EF /* VC-Extension+TableViewDelegate.swift */,
				16E197C92981762A005348EF /* DetailViewController.swift */,
			);
			path = Controller;
			sourceTree = "<group>";
		};
		16E197CB29817640005348EF /* Supporting Files */ = {
			isa = PBXGroup;
			children = (
				167C7E86293A330C00DE9A05 /* Info.plist */,
				167C7E78293A330800DE9A05 /* AppDelegate.swift */,
				167C7E7A293A330800DE9A05 /* SceneDelegate.swift */,
			);
			path = "Supporting Files";
			sourceTree = "<group>";
		};
		16E197CC2981816A005348EF /* View */ = {
			isa = PBXGroup;
			children = (
				167C7E7E293A330800DE9A05 /* Main.storyboard */,
				167C7E83293A330C00DE9A05 /* LaunchScreen.storyboard */,
			);
			path = View;
			sourceTree = "<group>";
		};
		89E163BA8346FE847FB69737 /* Frameworks */ = {
			isa = PBXGroup;
			children = (
				778E75065C70F13DDE4C20B1 /* Pods_MVVMDemo.framework */,
			);
			name = Frameworks;
			sourceTree = "<group>";
		};
		9A5380964BCD6E1B6EE7E78B /* Pods */ = {
			isa = PBXGroup;
			children = (
				5A42E7C2BDE3F1CAB6B6DA05 /* Pods-MVVMDemo.debug.xcconfig */,
				BA5CFFFC363AA39F8F8BB0BF /* Pods-MVVMDemo.release.xcconfig */,
			);
			path = Pods;
			sourceTree = "<group>";
		};
/* End PBXGroup section */

/* Begin PBXNativeTarget section */
		167C7E74293A330800DE9A05 /* MVVMDemo */ = {
			isa = PBXNativeTarget;
			buildConfigurationList = 167C7E89293A330C00DE9A05 /* Build configuration list for PBXNativeTarget "MVVMDemo" */;
			buildPhases = (
				47B482F594AF442D8BCE476B /* [CP] Check Pods Manifest.lock */,
				167C7E71293A330800DE9A05 /* Sources */,
				167C7E72293A330800DE9A05 /* Frameworks */,
				167C7E73293A330800DE9A05 /* Resources */,
				27DBFA68D82166495E458E8A /* [CP] Embed Pods Frameworks */,
			);
			buildRules = (
			);
			dependencies = (
			);
			name = MVVMDemo;
			productName = MVVMDemo;
			productReference = 167C7E75293A330800DE9A05 /* MVVMDemo.app */;
			productType = "com.apple.product-type.application";
		};
/* End PBXNativeTarget section */

/* Begin PBXProject section */
		167C7E6D293A330800DE9A05 /* Project object */ = {
			isa = PBXProject;
			attributes = {
				BuildIndependentTargetsInParallel = 1;
				LastSwiftUpdateCheck = 1410;
				LastUpgradeCheck = 1410;
				TargetAttributes = {
					167C7E74293A330800DE9A05 = {
						CreatedOnToolsVersion = 14.1;
					};
				};
			};
			buildConfigurationList = 167C7E70293A330800DE9A05 /* Build configuration list for PBXProject "MVVMDemo" */;
			compatibilityVersion = "Xcode 14.0";
			developmentRegion = en;
			hasScannedForEncodings = 0;
			knownRegions = (
				en,
				Base,
			);
			mainGroup = 167C7E6C293A330800DE9A05;
			productRefGroup = 167C7E76293A330800DE9A05 /* Products */;
			projectDirPath = "";
			projectRoot = "";
			targets = (
				167C7E74293A330800DE9A05 /* MVVMDemo */,
			);
		};
/* End PBXProject section */

/* Begin PBXResourcesBuildPhase section */
		167C7E73293A330800DE9A05 /* Resources */ = {
			isa = PBXResourcesBuildPhase;
			buildActionMask = 2147483647;
			files = (
				167C7E85293A330C00DE9A05 /* LaunchScreen.storyboard in Resources */,
				167C7E82293A330C00DE9A05 /* Assets.xcassets in Resources */,
				167C7E80293A330800DE9A05 /* Main.storyboard in Resources */,
			);
			runOnlyForDeploymentPostprocessing = 0;
		};
/* End PBXResourcesBuildPhase section */

/* Begin PBXShellScriptBuildPhase section */
		27DBFA68D82166495E458E8A /* [CP] Embed Pods Frameworks */ = {
			isa = PBXShellScriptBuildPhase;
			buildActionMask = 2147483647;
			files = (
			);
			inputFileListPaths = (
				"${PODS_ROOT}/Target Support Files/Pods-MVVMDemo/Pods-MVVMDemo-frameworks-${CONFIGURATION}-input-files.xcfilelist",
			);
			name = "[CP] Embed Pods Frameworks";
			outputFileListPaths = (
				"${PODS_ROOT}/Target Support Files/Pods-MVVMDemo/Pods-MVVMDemo-frameworks-${CONFIGURATION}-output-files.xcfilelist",
			);
			runOnlyForDeploymentPostprocessing = 0;
			shellPath = /bin/sh;
			shellScript = "\"${PODS_ROOT}/Target Support Files/Pods-MVVMDemo/Pods-MVVMDemo-frameworks.sh\"\n";
			showEnvVarsInLog = 0;
		};
		47B482F594AF442D8BCE476B /* [CP] Check Pods Manifest.lock */ = {
			isa = PBXShellScriptBuildPhase;
			buildActionMask = 2147483647;
			files = (
			);
			inputFileListPaths = (
			);
			inputPaths = (
				"${PODS_PODFILE_DIR_PATH}/Podfile.lock",
				"${PODS_ROOT}/Manifest.lock",
			);
			name = "[CP] Check Pods Manifest.lock";
			outputFileListPaths = (
			);
			outputPaths = (
				"$(DERIVED_FILE_DIR)/Pods-MVVMDemo-checkManifestLockResult.txt",
			);
			runOnlyForDeploymentPostprocessing = 0;
			shellPath = /bin/sh;
			shellScript = "diff \"${PODS_PODFILE_DIR_PATH}/Podfile.lock\" \"${PODS_ROOT}/Manifest.lock\" > /dev/null\nif [ $? != 0 ] ; then\n    # print error to STDERR\n    echo \"error: The sandbox is not in sync with the Podfile.lock. Run 'pod install' or update your CocoaPods installation.\" >&2\n    exit 1\nfi\n# This output is used by Xcode 'outputs' to avoid re-running this script phase.\necho \"SUCCESS\" > \"${SCRIPT_OUTPUT_FILE_0}\"\n";
			showEnvVarsInLog = 0;
		};
/* End PBXShellScriptBuildPhase section */

/* Begin PBXSourcesBuildPhase section */
		167C7E71293A330800DE9A05 /* Sources */ = {
			isa = PBXSourcesBuildPhase;
			buildActionMask = 2147483647;
			files = (
				16E197CA2981762A005348EF /* DetailViewController.swift in Sources */,
				16E197C129816EDB005348EF /* MessierViewModel.swift in Sources */,
				16E197BF29816E7F005348EF /* MessierDataModel.swift in Sources */,
				16E197C829817603005348EF /* VC-Extension+TableViewDelegate.swift in Sources */,
				167C7E7D293A330800DE9A05 /* MainViewController.swift in Sources */,
				16E197C6298175DF005348EF /* VC-Extension+TableViewDataSource.swift in Sources */,
				167C7E79293A330800DE9A05 /* AppDelegate.swift in Sources */,
				167C7E7B293A330800DE9A05 /* SceneDelegate.swift in Sources */,
			);
			runOnlyForDeploymentPostprocessing = 0;
		};
/* End PBXSourcesBuildPhase section */

/* Begin PBXVariantGroup section */
		167C7E7E293A330800DE9A05 /* Main.storyboard */ = {
			isa = PBXVariantGroup;
			children = (
				167C7E7F293A330800DE9A05 /* Base */,
			);
			name = Main.storyboard;
			sourceTree = "<group>";
		};
		167C7E83293A330C00DE9A05 /* LaunchScreen.storyboard */ = {
			isa = PBXVariantGroup;
			children = (
				167C7E84293A330C00DE9A05 /* Base */,
			);
			name = LaunchScreen.storyboard;
			sourceTree = "<group>";
		};
/* End PBXVariantGroup section */

/* Begin XCBuildConfiguration section */
		167C7E87293A330C00DE9A05 /* Debug */ = {
			isa = XCBuildConfiguration;
			buildSettings = {
				ALWAYS_SEARCH_USER_PATHS = NO;
				CLANG_ANALYZER_NONNULL = YES;
				CLANG_ANALYZER_NUMBER_OBJECT_CONVERSION = YES_AGGRESSIVE;
				CLANG_CXX_LANGUAGE_STANDARD = "gnu++20";
				CLANG_ENABLE_MODULES = YES;
				CLANG_ENABLE_OBJC_ARC = YES;
				CLANG_ENABLE_OBJC_WEAK = YES;
				CLANG_WARN_BLOCK_CAPTURE_AUTORELEASING = YES;
				CLANG_WARN_BOOL_CONVERSION = YES;
				CLANG_WARN_COMMA = YES;
				CLANG_WARN_CONSTANT_CONVERSION = YES;
				CLANG_WARN_DEPRECATED_OBJC_IMPLEMENTATIONS = YES;
				CLANG_WARN_DIRECT_OBJC_ISA_USAGE = YES_ERROR;
				CLANG_WARN_DOCUMENTATION_COMMENTS = YES;
				CLANG_WARN_EMPTY_BODY = YES;
				CLANG_WARN_ENUM_CONVERSION = YES;
				CLANG_WARN_INFINITE_RECURSION = YES;
				CLANG_WARN_INT_CONVERSION = YES;
				CLANG_WARN_NON_LITERAL_NULL_CONVERSION = YES;
				CLANG_WARN_OBJC_IMPLICIT_RETAIN_SELF = YES;
				CLANG_WARN_OBJC_LITERAL_CONVERSION = YES;
				CLANG_WARN_OBJC_ROOT_CLASS = YES_ERROR;
				CLANG_WARN_QUOTED_INCLUDE_IN_FRAMEWORK_HEADER = YES;
				CLANG_WARN_RANGE_LOOP_ANALYSIS = YES;
				CLANG_WARN_STRICT_PROTOTYPES = YES;
				CLANG_WARN_SUSPICIOUS_MOVE = YES;
				CLANG_WARN_UNGUARDED_AVAILABILITY = YES_AGGRESSIVE;
				CLANG_WARN_UNREACHABLE_CODE = YES;
				CLANG_WARN__DUPLICATE_METHOD_MATCH = YES;
				COPY_PHASE_STRIP = NO;
				DEBUG_INFORMATION_FORMAT = dwarf;
				ENABLE_STRICT_OBJC_MSGSEND = YES;
				ENABLE_TESTABILITY = YES;
				GCC_C_LANGUAGE_STANDARD = gnu11;
				GCC_DYNAMIC_NO_PIC = NO;
				GCC_NO_COMMON_BLOCKS = YES;
				GCC_OPTIMIZATION_LEVEL = 0;
				GCC_PREPROCESSOR_DEFINITIONS = (
					"DEBUG=1",
					"$(inherited)",
				);
				GCC_WARN_64_TO_32_BIT_CONVERSION = YES;
				GCC_WARN_ABOUT_RETURN_TYPE = YES_ERROR;
				GCC_WARN_UNDECLARED_SELECTOR = YES;
				GCC_WARN_UNINITIALIZED_AUTOS = YES_AGGRESSIVE;
				GCC_WARN_UNUSED_FUNCTION = YES;
				GCC_WARN_UNUSED_VARIABLE = YES;
				IPHONEOS_DEPLOYMENT_TARGET = 16.1;
				MTL_ENABLE_DEBUG_INFO = INCLUDE_SOURCE;
				MTL_FAST_MATH = YES;
				ONLY_ACTIVE_ARCH = YES;
				SDKROOT = iphoneos;
				SWIFT_ACTIVE_COMPILATION_CONDITIONS = DEBUG;
				SWIFT_OPTIMIZATION_LEVEL = "-Onone";
			};
			name = Debug;
		};
		167C7E88293A330C00DE9A05 /* Release */ = {
			isa = XCBuildConfiguration;
			buildSettings = {
				ALWAYS_SEARCH_USER_PATHS = NO;
				CLANG_ANALYZER_NONNULL = YES;
				CLANG_ANALYZER_NUMBER_OBJECT_CONVERSION = YES_AGGRESSIVE;
				CLANG_CXX_LANGUAGE_STANDARD = "gnu++20";
				CLANG_ENABLE_MODULES = YES;
				CLANG_ENABLE_OBJC_ARC = YES;
				CLANG_ENABLE_OBJC_WEAK = YES;
				CLANG_WARN_BLOCK_CAPTURE_AUTORELEASING = YES;
				CLANG_WARN_BOOL_CONVERSION = YES;
				CLANG_WARN_COMMA = YES;
				CLANG_WARN_CONSTANT_CONVERSION = YES;
				CLANG_WARN_DEPRECATED_OBJC_IMPLEMENTATIONS = YES;
				CLANG_WARN_DIRECT_OBJC_ISA_USAGE = YES_ERROR;
				CLANG_WARN_DOCUMENTATION_COMMENTS = YES;
				CLANG_WARN_EMPTY_BODY = YES;
				CLANG_WARN_ENUM_CONVERSION = YES;
				CLANG_WARN_INFINITE_RECURSION = YES;
				CLANG_WARN_INT_CONVERSION = YES;
				CLANG_WARN_NON_LITERAL_NULL_CONVERSION = YES;
				CLANG_WARN_OBJC_IMPLICIT_RETAIN_SELF = YES;
				CLANG_WARN_OBJC_LITERAL_CONVERSION = YES;
				CLANG_WARN_OBJC_ROOT_CLASS = YES_ERROR;
				CLANG_WARN_QUOTED_INCLUDE_IN_FRAMEWORK_HEADER = YES;
				CLANG_WARN_RANGE_LOOP_ANALYSIS = YES;
				CLANG_WARN_STRICT_PROTOTYPES = YES;
				CLANG_WARN_SUSPICIOUS_MOVE = YES;
				CLANG_WARN_UNGUARDED_AVAILABILITY = YES_AGGRESSIVE;
				CLANG_WARN_UNREACHABLE_CODE = YES;
				CLANG_WARN__DUPLICATE_METHOD_MATCH = YES;
				COPY_PHASE_STRIP = NO;
				DEBUG_INFORMATION_FORMAT = "dwarf-with-dsym";
				ENABLE_NS_ASSERTIONS = NO;
				ENABLE_STRICT_OBJC_MSGSEND = YES;
				GCC_C_LANGUAGE_STANDARD = gnu11;
				GCC_NO_COMMON_BLOCKS = YES;
				GCC_WARN_64_TO_32_BIT_CONVERSION = YES;
				GCC_WARN_ABOUT_RETURN_TYPE = YES_ERROR;
				GCC_WARN_UNDECLARED_SELECTOR = YES;
				GCC_WARN_UNINITIALIZED_AUTOS = YES_AGGRESSIVE;
				GCC_WARN_UNUSED_FUNCTION = YES;
				GCC_WARN_UNUSED_VARIABLE = YES;
				IPHONEOS_DEPLOYMENT_TARGET = 16.1;
				MTL_ENABLE_DEBUG_INFO = NO;
				MTL_FAST_MATH = YES;
				SDKROOT = iphoneos;
				SWIFT_COMPILATION_MODE = wholemodule;
				SWIFT_OPTIMIZATION_LEVEL = "-O";
				VALIDATE_PRODUCT = YES;
			};
			name = Release;
		};
		167C7E8A293A330C00DE9A05 /* Debug */ = {
			isa = XCBuildConfiguration;
			baseConfigurationReference = 5A42E7C2BDE3F1CAB6B6DA05 /* Pods-MVVMDemo.debug.xcconfig */;
			buildSettings = {
				ASSETCATALOG_COMPILER_APPICON_NAME = AppIcon;
				ASSETCATALOG_COMPILER_GLOBAL_ACCENT_COLOR_NAME = AccentColor;
				CODE_SIGN_STYLE = Automatic;
				CURRENT_PROJECT_VERSION = 1;
				DEVELOPMENT_TEAM = 3W9683M8RM;
				GENERATE_INFOPLIST_FILE = YES;
				INFOPLIST_FILE = "/Users/pig/Desktop/IOS/Demo/XCode/MVVMDemo/MVVMDemo/Supporting Files/Info.plist";
				INFOPLIST_KEY_UIApplicationSupportsIndirectInputEvents = YES;
				INFOPLIST_KEY_UILaunchStoryboardName = LaunchScreen;
				INFOPLIST_KEY_UIMainStoryboardFile = Main;
				INFOPLIST_KEY_UISupportedInterfaceOrientations_iPad = "UIInterfaceOrientationPortrait UIInterfaceOrientationPortraitUpsideDown UIInterfaceOrientationLandscapeLeft UIInterfaceOrientationLandscapeRight";
				INFOPLIST_KEY_UISupportedInterfaceOrientations_iPhone = "UIInterfaceOrientationPortrait UIInterfaceOrientationLandscapeLeft UIInterfaceOrientationLandscapeRight";
				LD_RUNPATH_SEARCH_PATHS = (
					"$(inherited)",
					"@executable_path/Frameworks",
				);
				MARKETING_VERSION = 1.0;
				PRODUCT_BUNDLE_IDENTIFIER = PIG.MVVMDemo;
				PRODUCT_NAME = "$(TARGET_NAME)";
				SWIFT_EMIT_LOC_STRINGS = YES;
				SWIFT_VERSION = 5.0;
				TARGETED_DEVICE_FAMILY = "1,2";
			};
			name = Debug;
		};
		167C7E8B293A330C00DE9A05 /* Release */ = {
			isa = XCBuildConfiguration;
			baseConfigurationReference = BA5CFFFC363AA39F8F8BB0BF /* Pods-MVVMDemo.release.xcconfig */;
			buildSettings = {
				ASSETCATALOG_COMPILER_APPICON_NAME = AppIcon;
				ASSETCATALOG_COMPILER_GLOBAL_ACCENT_COLOR_NAME = AccentColor;
				CODE_SIGN_STYLE = Automatic;
				CURRENT_PROJECT_VERSION = 1;
				DEVELOPMENT_TEAM = 3W9683M8RM;
				GENERATE_INFOPLIST_FILE = YES;
				INFOPLIST_FILE = "/Users/pig/Desktop/IOS/Demo/XCode/MVVMDemo/MVVMDemo/Supporting Files/Info.plist";
				INFOPLIST_KEY_UIApplicationSupportsIndirectInputEvents = YES;
				INFOPLIST_KEY_UILaunchStoryboardName = LaunchScreen;
				INFOPLIST_KEY_UIMainStoryboardFile = Main;
				INFOPLIST_KEY_UISupportedInterfaceOrientations_iPad = "UIInterfaceOrientationPortrait UIInterfaceOrientationPortraitUpsideDown UIInterfaceOrientationLandscapeLeft UIInterfaceOrientationLandscapeRight";
				INFOPLIST_KEY_UISupportedInterfaceOrientations_iPhone = "UIInterfaceOrientationPortrait UIInterfaceOrientationLandscapeLeft UIInterfaceOrientationLandscapeRight";
				LD_RUNPATH_SEARCH_PATHS = (
					"$(inherited)",
					"@executable_path/Frameworks",
				);
				MARKETING_VERSION = 1.0;
				PRODUCT_BUNDLE_IDENTIFIER = PIG.MVVMDemo;
				PRODUCT_NAME = "$(TARGET_NAME)";
				SWIFT_EMIT_LOC_STRINGS = YES;
				SWIFT_VERSION = 5.0;
				TARGETED_DEVICE_FAMILY = "1,2";
			};
			name = Release;
		};
/* End XCBuildConfiguration section */

/* Begin XCConfigurationList section */
		167C7E70293A330800DE9A05 /* Build configuration list for PBXProject "MVVMDemo" */ = {
			isa = XCConfigurationList;
			buildConfigurations = (
				167C7E87293A330C00DE9A05 /* Debug */,
				167C7E88293A330C00DE9A05 /* Release */,
			);
			defaultConfigurationIsVisible = 0;
			defaultConfigurationName = Release;
		};
		167C7E89293A330C00DE9A05 /* Build configuration list for PBXNativeTarget "MVVMDemo" */ = {
			isa = XCConfigurationList;
			buildConfigurations = (
				167C7E8A293A330C00DE9A05 /* Debug */,
				167C7E8B293A330C00DE9A05 /* Release */,
			);
			defaultConfigurationIsVisible = 0;
			defaultConfigurationName = Release;
		};
/* End XCConfigurationList section */
	};
	rootObject = 167C7E6D293A330800DE9A05 /* Project object */;
}
